// !$*UTF8*$!
{
	archiveVersion = 1;
	classes = {
	};
	objectVersion = 46;
	objects = {

/* Begin PBXBuildFile section */
		804A87DC1DD63B0F002A3FD8 /* AppDelegate.swift in Sources */ = {isa = PBXBuildFile; fileRef = 804A87DB1DD63B0F002A3FD8 /* AppDelegate.swift */; };
		804A87DE1DD63B0F002A3FD8 /* ViewController.swift in Sources */ = {isa = PBXBuildFile; fileRef = 804A87DD1DD63B0F002A3FD8 /* ViewController.swift */; };
		804A87E11DD63B0F002A3FD8 /* Main.storyboard in Resources */ = {isa = PBXBuildFile; fileRef = 804A87DF1DD63B0F002A3FD8 /* Main.storyboard */; };
		804A87E31DD63B0F002A3FD8 /* Assets.xcassets in Resources */ = {isa = PBXBuildFile; fileRef = 804A87E21DD63B0F002A3FD8 /* Assets.xcassets */; };
		804A87E61DD63B0F002A3FD8 /* LaunchScreen.storyboard in Resources */ = {isa = PBXBuildFile; fileRef = 804A87E41DD63B0F002A3FD8 /* LaunchScreen.storyboard */; };
		804A87EE1DD66BA8002A3FD8 /* Minecraft.ttf in Resources */ = {isa = PBXBuildFile; fileRef = 804A87ED1DD66BA8002A3FD8 /* Minecraft.ttf */; };
		804A87F01DD66C9D002A3FD8 /* btn.wav in Resources */ = {isa = PBXBuildFile; fileRef = 804A87EF1DD66C9D002A3FD8 /* btn.wav */; };
/* End PBXBuildFile section */

/* Begin PBXFileReference section */
		804A87D81DD63B0F002A3FD8 /* RetroCalculator.app */ = {isa = PBXFileReference; explicitFileType = wrapper.application; includeInIndex = 0; path = RetroCalculator.app; sourceTree = BUILT_PRODUCTS_DIR; };
		804A87DB1DD63B0F002A3FD8 /* AppDelegate.swift */ = {isa = PBXFileReference; lastKnownFileType = sourcecode.swift; path = AppDelegate.swift; sourceTree = "<group>"; };
		804A87DD1DD63B0F002A3FD8 /* ViewController.swift */ = {isa = PBXFileReference; lastKnownFileType = sourcecode.swift; path = ViewController.swift; sourceTree = "<group>"; };
		804A87E01DD63B0F002A3FD8 /* Base */ = {isa = PBXFileReference; lastKnownFileType = file.storyboard; name = Base; path = Base.lproj/Main.storyboard; sourceTree = "<group>"; };
		804A87E21DD63B0F002A3FD8 /* Assets.xcassets */ = {isa = PBXFileReference; lastKnownFileType = folder.assetcatalog; path = Assets.xcassets; sourceTree = "<group>"; };
		804A87E51DD63B0F002A3FD8 /* Base */ = {isa = PBXFileReference; lastKnownFileType = file.storyboard; name = Base; path = Base.lproj/LaunchScreen.storyboard; sourceTree = "<group>"; };
		804A87E71DD63B0F002A3FD8 /* Info.plist */ = {isa = PBXFileReference; lastKnownFileType = text.plist.xml; path = Info.plist; sourceTree = "<group>"; };
		804A87ED1DD66BA8002A3FD8 /* Minecraft.ttf */ = {isa = PBXFileReference; lastKnownFileType = file; path = Minecraft.ttf; sourceTree = "<group>"; };
		804A87EF1DD66C9D002A3FD8 /* btn.wav */ = {isa = PBXFileReference; lastKnownFileType = audio.wav; path = btn.wav; sourceTree = "<group>"; };
/* End PBXFileReference section */

/* Begin PBXFrameworksBuildPhase section */
		804A87D51DD63B0F002A3FD8 /* Frameworks */ = {
			isa = PBXFrameworksBuildPhase;
			buildActionMask = 2147483647;
			files = (
			);
			runOnlyForDeploymentPostprocessing = 0;
		};
/* End PBXFrameworksBuildPhase section */

/* Begin PBXGroup section */
		804A87CF1DD63B0F002A3FD8 = {
			isa = PBXGroup;
			children = (
				804A87DA1DD63B0F002A3FD8 /* RetroCalculator */,
				804A87D91DD63B0F002A3FD8 /* Products */,
			);
			sourceTree = "<group>";
		};
		804A87D91DD63B0F002A3FD8 /* Products */ = {
			isa = PBXGroup;
			children = (
				804A87D81DD63B0F002A3FD8 /* RetroCalculator.app */,
			);
			name = Products;
			sourceTree = "<group>";
		};
		804A87DA1DD63B0F002A3FD8 /* RetroCalculator */ = {
			isa = PBXGroup;
			children = (
				804A87EF1DD66C9D002A3FD8 /* btn.wav */,
				804A87ED1DD66BA8002A3FD8 /* Minecraft.ttf */,
				804A87DB1DD63B0F002A3FD8 /* AppDelegate.swift */,
				804A87DD1DD63B0F002A3FD8 /* ViewController.swift */,
				804A87DF1DD63B0F002A3FD8 /* Main.storyboard */,
				804A87E21DD63B0F002A3FD8 /* Assets.xcassets */,
				804A87E41DD63B0F002A3FD8 /* LaunchScreen.storyboard */,
				804A87E71DD63B0F002A3FD8 /* Info.plist */,
			);
			path = RetroCalculator;
			sourceTree = "<group>";
		};
/* End PBXGroup section */

/* Begin PBXNativeTarget section */
		804A87D71DD63B0F002A3FD8 /* RetroCalculator */ = {
			isa = PBXNativeTarget;
			buildConfigurationList = 804A87EA1DD63B0F002A3FD8 /* Build configuration list for PBXNativeTarget "RetroCalculator" */;
			buildPhases = (
				804A87D41DD63B0F002A3FD8 /* Sources */,
				804A87D51DD63B0F002A3FD8 /* Frameworks */,
				804A87D61DD63B0F002A3FD8 /* Resources */,
			);
			buildRules = (
			);
			dependencies = (
			);
			name = RetroCalculator;
			productName = RetroCalculator;
			productReference = 804A87D81DD63B0F002A3FD8 /* RetroCalculator.app */;
			productType = "com.apple.product-type.application";
		};
/* End PBXNativeTarget section */

/* Begin PBXProject section */
		804A87D01DD63B0F002A3FD8 /* Project object */ = {
			isa = PBXProject;
			attributes = {
				LastSwiftUpdateCheck = 0810;
				LastUpgradeCheck = 0810;
				ORGANIZATIONNAME = "Humberto Sanchez";
				TargetAttributes = {
					804A87D71DD63B0F002A3FD8 = {
						CreatedOnToolsVersion = 8.1;
						DevelopmentTeam = 56P9LV879B;
						ProvisioningStyle = Automatic;
					};
				};
			};
			buildConfigurationList = 804A87D31DD63B0F002A3FD8 /* Build configuration list for PBXProject "RetroCalculator" */;
			compatibilityVersion = "Xcode 3.2";
			developmentRegion = English;
			hasScannedForEncodings = 0;
			knownRegions = (
				en,
				Base,
			);
			mainGroup = 804A87CF1DD63B0F002A3FD8;
			productRefGroup = 804A87D91DD63B0F002A3FD8 /* Products */;
			projectDirPath = "";
			projectRoot = "";
			targets = (
				804A87D71DD63B0F002A3FD8 /* RetroCalculator */,
			);
		};
/* End PBXProject section */

/* Begin PBXResourcesBuildPhase section */
		804A87D61DD63B0F002A3FD8 /* Resources */ = {
			isa = PBXResourcesBuildPhase;
			buildActionMask = 2147483647;
			files = (
				804A87F01DD66C9D002A3FD8 /* btn.wav in Resources */,
				804A87E61DD63B0F002A3FD8 /* LaunchScreen.storyboard in Resources */,
				804A87E31DD63B0F002A3FD8 /* Assets.xcassets in Resources */,
				804A87EE1DD66BA8002A3FD8 /* Minecraft.ttf in Resources */,
				804A87E11DD63B0F002A3FD8 /* Main.storyboard in Resources */,
			);
			runOnlyForDeploymentPostprocessing = 0;
		};
/* End PBXResourcesBuildPhase section */

/* Begin PBXSourcesBuildPhase section */
		804A87D41DD63B0F002A3FD8 /* Sources */ = {
			isa = PBXSourcesBuildPhase;
			buildActionMask = 2147483647;
			files = (
				804A87DE1DD63B0F002A3FD8 /* ViewController.swift in Sources */,
				804A87DC1DD63B0F002A3FD8 /* AppDelegate.swift in Sources */,
			);
			runOnlyForDeploymentPostprocessing = 0;
		};
/* End PBXSourcesBuildPhase section */

/* Begin PBXVariantGroup section */
		804A87DF1DD63B0F002A3FD8 /* Main.storyboard */ = {
			isa = PBXVariantGroup;
			children = (
				804A87E01DD63B0F002A3FD8 /* Base */,
			);
			name = Main.storyboard;
			sourceTree = "<group>";
		};
		804A87E41DD63B0F002A3FD8 /* LaunchScreen.storyboard */ = {
			isa = PBXVariantGroup;
			children = (
				804A87E51DD63B0F002A3FD8 /* Base */,
			);
			name = LaunchScreen.storyboard;
			sourceTree = "<group>";
		};
/* End PBXVariantGroup section */

/* Begin XCBuildConfiguration section */
		804A87E81DD63B0F002A3FD8 /* Debug */ = {
			isa = XCBuildConfiguration;
			buildSettings = {
				ALWAYS_SEARCH_USER_PATHS = NO;
				CLANG_ANALYZER_NONNULL = YES;
				CLANG_CXX_LANGUAGE_STANDARD = "gnu++0x";
				CLANG_CXX_LIBRARY = "libc++";
				CLANG_ENABLE_MODULES = YES;
				CLANG_ENABLE_OBJC_ARC = YES;
				CLANG_WARN_BOOL_CONVERSION = YES;
				CLANG_WARN_CONSTANT_CONVERSION = YES;
				CLANG_WARN_DIRECT_OBJC_ISA_USAGE = YES_ERROR;
				CLANG_WARN_DOCUMENTATION_COMMENTS = YES;
				CLANG_WARN_EMPTY_BODY = YES;
				CLANG_WARN_ENUM_CONVERSION = YES;
				CLANG_WARN_INFINITE_RECURSION = YES;
				CLANG_WARN_INT_CONVERSION = YES;
				CLANG_WARN_OBJC_ROOT_CLASS = YES_ERROR;
				CLANG_WARN_SUSPICIOUS_MOVES = YES;
				CLANG_WARN_UNREACHABLE_CODE = YES;
				CLANG_WARN__DUPLICATE_METHOD_MATCH = YES;
				"CODE_SIGN_IDENTITY[sdk=iphoneos*]" = "iPhone Developer";
				COPY_PHASE_STRIP = NO;
				DEBUG_INFORMATION_FORMAT = dwarf;
				ENABLE_STRICT_OBJC_MSGSEND = YES;
				ENABLE_TESTABILITY = YES;
				GCC_C_LANGUAGE_STANDARD = gnu99;
				GCC_DYNAMIC_NO_PIC = NO;
				GCC_NO_COMMON_BLOCKS = YES;
				GCC_OPTIMIZATION_LEVEL = 0;
				GCC_PREPROCESSOR_DEFINITIONS = (
					"DEBUG=1",
					"$(inherited)",
				);
				GCC_WARN_64_TO_32_BIT_CONVERSION = YES;
				GCC_WARN_ABOUT_RETURN_TYPE = YES_ERROR;
				GCC_WARN_UNDECLARED_SELECTOR = YES;
				GCC_WARN_UNINITIALIZED_AUTOS = YES_AGGRESSIVE;
				GCC_WARN_UNUSED_FUNCTION = YES;
				GCC_WARN_UNUSED_VARIABLE = YES;
				IPHONEOS_DEPLOYMENT_TARGET = 10.1;
				MTL_ENABLE_DEBUG_INFO = YES;
				ONLY_ACTIVE_ARCH = YES;
				SDKROOT = iphoneos;
				SWIFT_ACTIVE_COMPILATION_CONDITIONS = DEBUG;
				SWIFT_OPTIMIZATION_LEVEL = "-Onone";
				TARGETED_DEVICE_FAMILY = "1,2";
			};
			name = Debug;
		};
		804A87E91DD63B0F002A3FD8 /* Release */ = {
			isa = XCBuildConfiguration;
			buildSettings = {
				ALWAYS_SEARCH_USER_PATHS = NO;
				CLANG_ANALYZER_NONNULL = YES;
				CLANG_CXX_LANGUAGE_STANDARD = "gnu++0x";
				CLANG_CXX_LIBRARY = "libc++";
				CLANG_ENABLE_MODULES = YES;
				CLANG_ENABLE_OBJC_ARC = YES;
				CLANG_WARN_BOOL_CONVERSION = YES;
				CLANG_WARN_CONSTANT_CONVERSION = YES;
				CLANG_WARN_DIRECT_OBJC_ISA_USAGE = YES_ERROR;
				CLANG_WARN_DOCUMENTATION_COMMENTS = YES;
				CLANG_WARN_EMPTY_BODY = YES;
				CLANG_WARN_ENUM_CONVERSION = YES;
				CLANG_WARN_INFINITE_RECURSION = YES;
				CLANG_WARN_INT_CONVERSION = YES;
				CLANG_WARN_OBJC_ROOT_CLASS = YES_ERROR;
				CLANG_WARN_SUSPICIOUS_MOVES = YES;
				CLANG_WARN_UNREACHABLE_CODE = YES;
				CLANG_WARN__DUPLICATE_METHOD_MATCH = YES;
				"CODE_SIGN_IDENTITY[sdk=iphoneos*]" = "iPhone Developer";
				COPY_PHASE_STRIP = NO;
				DEBUG_INFORMATION_FORMAT = "dwarf-with-dsym";
				ENABLE_NS_ASSERTIONS = NO;
				ENABLE_STRICT_OBJC_MSGSEND = YES;
				GCC_C_LANGUAGE_STANDARD = gnu99;
				GCC_NO_COMMON_BLOCKS = YES;
				GCC_WARN_64_TO_32_BIT_CONVERSION = YES;
				GCC_WARN_ABOUT_RETURN_TYPE = YES_ERROR;
				GCC_WARN_UNDECLARED_SELECTOR = YES;
				GCC_WARN_UNINITIALIZED_AUTOS = YES_AGGRESSIVE;
				GCC_WARN_UNUSED_FUNCTION = YES;
				GCC_WARN_UNUSED_VARIABLE = YES;
				IPHONEOS_DEPLOYMENT_TARGET = 10.1;
				MTL_ENABLE_DEBUG_INFO = NO;
				SDKROOT = iphoneos;
				SWIFT_OPTIMIZATION_LEVEL = "-Owholemodule";
				TARGETED_DEVICE_FAMILY = "1,2";
				VALIDATE_PRODUCT = YES;
			};
			name = Release;
		};
		804A87EB1DD63B0F002A3FD8 /* Debug */ = {
			isa = XCBuildConfiguration;
			buildSettings = {
				ASSETCATALOG_COMPILER_APPICON_NAME = AppIcon;
				DEVELOPMENT_TEAM = 56P9LV879B;
				INFOPLIST_FILE = RetroCalculator/Info.plist;
				LD_RUNPATH_SEARCH_PATHS = "$(inherited) @executable_path/Frameworks";
				PRODUCT_BUNDLE_IDENTIFIER = com.ibm.cio.be.hslara.RetroCalculator;
				PRODUCT_NAME = "$(TARGET_NAME)";
				SWIFT_VERSION = 3.0;
			};
			name = Debug;
		};
		804A87EC1DD63B0F002A3FD8 /* Release */ = {
			isa = XCBuildConfiguration;
			buildSettings = {
				ASSETCATALOG_COMPILER_APPICON_NAME = AppIcon;
				DEVELOPMENT_TEAM = 56P9LV879B;
				INFOPLIST_FILE = RetroCalculator/Info.plist;
				LD_RUNPATH_SEARCH_PATHS = "$(inherited) @executable_path/Frameworks";
				PRODUCT_BUNDLE_IDENTIFIER = com.ibm.cio.be.hslara.RetroCalculator;
				PRODUCT_NAME = "$(TARGET_NAME)";
				SWIFT_VERSION = 3.0;
			};
			name = Release;
		};
/* End XCBuildConfiguration section */

/* Begin XCConfigurationList section */
		804A87D31DD63B0F002A3FD8 /* Build configuration list for PBXProject "RetroCalculator" */ = {
			isa = XCConfigurationList;
			buildConfigurations = (
				804A87E81DD63B0F002A3FD8 /* Debug */,
				804A87E91DD63B0F002A3FD8 /* Release */,
			);
			defaultConfigurationIsVisible = 0;
			defaultConfigurationName = Release;
		};
		804A87EA1DD63B0F002A3FD8 /* Build configuration list for PBXNativeTarget "RetroCalculator" */ = {
			isa = XCConfigurationList;
			buildConfigurations = (
				804A87EB1DD63B0F002A3FD8 /* Debug */,
				804A87EC1DD63B0F002A3FD8 /* Release */,
			);
			defaultConfigurationIsVisible = 0;
		};
/* End XCConfigurationList section */
	};
	rootObject = 804A87D01DD63B0F002A3FD8 /* Project object */;
}
